
Microsoft Visual Studio Solution File, Format Version 12.00
# Visual Studio Version 16
VisualStudioVersion = 16.0.33328.57
MinimumVisualStudioVersion = 10.0.40219.1
Project("{FAE04EC0-301F-11D3-BF4B-00C04F79EFBC}") = "TradingProject", "TradingProject\TradingProject.csproj", "{9369CD19-99F4-45B3-B885-AE1EC25D7144}"
EndProject
Project("{FAE04EC0-301F-11D3-BF4B-00C04F79EFBC}") = "Homepage", "Homepage\Homepage.csproj", "{77FB3EA8-E91A-45F8-93F2-6472EAD1E91B}"
EndProject
Project("{FAE04EC0-301F-11D3-BF4B-00C04F79EFBC}") = "ClassLibrary1", "ClassLibrary1\ClassLibrary1.csproj", "{1E18A28C-7110-455B-86DF-E9F6E3BA5E5D}"
EndProject
Global
	GlobalSection(SolutionConfigurationPlatforms) = preSolution
		Debug|Any CPU = Debug|Any CPU
		Release|Any CPU = Release|Any CPU
	EndGlobalSection
	GlobalSection(ProjectConfigurationPlatforms) = postSolution
		{9369CD19-99F4-45B3-B885-AE1EC25D7144}.Debug|Any CPU.ActiveCfg = Debug|Any CPU
		{9369CD19-99F4-45B3-B885-AE1EC25D7144}.Debug|Any CPU.Build.0 = Debug|Any CPU
		{9369CD19-99F4-45B3-B885-AE1EC25D7144}.Release|Any CPU.ActiveCfg = Release|Any CPU
		{9369CD19-99F4-45B3-B885-AE1EC25D7144}.Release|Any CPU.Build.0 = Release|Any CPU
		{77FB3EA8-E91A-45F8-93F2-6472EAD1E91B}.Debug|Any CPU.ActiveCfg = Debug|Any CPU
		{77FB3EA8-E91A-45F8-93F2-6472EAD1E91B}.Debug|Any CPU.Build.0 = Debug|Any CPU
		{77FB3EA8-E91A-45F8-93F2-6472EAD1E91B}.Release|Any CPU.ActiveCfg = Release|Any CPU
		{77FB3EA8-E91A-45F8-93F2-6472EAD1E91B}.Release|Any CPU.Build.0 = Release|Any CPU
		{1E18A28C-7110-455B-86DF-E9F6E3BA5E5D}.Debug|Any CPU.ActiveCfg = Debug|Any CPU
		{1E18A28C-7110-455B-86DF-E9F6E3BA5E5D}.Debug|Any CPU.Build.0 = Debug|Any CPU
		{1E18A28C-7110-455B-86DF-E9F6E3BA5E5D}.Release|Any CPU.ActiveCfg = Release|Any CPU
		{1E18A28C-7110-455B-86DF-E9F6E3BA5E5D}.Release|Any CPU.Build.0 = Release|Any CPU
	EndGlobalSection
	GlobalSection(SolutionProperties) = preSolution
		HideSolutionNode = FALSE
	EndGlobalSection
	GlobalSection(ExtensibilityGlobals) = postSolution
		SolutionGuid = {63848FD3-618F-43FF-AEE4-9060D35B195E}
	EndGlobalSection
EndGlobal
